
Microsoft Visual Studio Solution File, Format Version 12.00
# Visual Studio Version 16
VisualStudioVersion = 16.0.30114.105
MinimumVisualStudioVersion = 10.0.40219.1
Project("{FAE04EC0-301F-11D3-BF4B-00C04F79EFBC}") = "Parejas", "Parejas\Parejas.csproj", "{DCDA5DC1-1105-4D59-8251-F223E2AA144A}"
EndProject
Project("{FAE04EC0-301F-11D3-BF4B-00C04F79EFBC}") = "ParejasTest", "ParejasTest\ParejasTest.csproj", "{26116278-B6DA-4ED3-864A-175CCDBFAB9D}"
EndProject
Global
	GlobalSection(SolutionConfigurationPlatforms) = preSolution
		Debug|Any CPU = Debug|Any CPU
		Release|Any CPU = Release|Any CPU
	EndGlobalSection
	GlobalSection(SolutionProperties) = preSolution
		HideSolutionNode = FALSE
	EndGlobalSection
	GlobalSection(ProjectConfigurationPlatforms) = postSolution
		{DCDA5DC1-1105-4D59-8251-F223E2AA144A}.Debug|Any CPU.ActiveCfg = Debug|Any CPU
		{DCDA5DC1-1105-4D59-8251-F223E2AA144A}.Debug|Any CPU.Build.0 = Debug|Any CPU
		{DCDA5DC1-1105-4D59-8251-F223E2AA144A}.Release|Any CPU.ActiveCfg = Release|Any CPU
		{DCDA5DC1-1105-4D59-8251-F223E2AA144A}.Release|Any CPU.Build.0 = Release|Any CPU
		{26116278-B6DA-4ED3-864A-175CCDBFAB9D}.Debug|Any CPU.ActiveCfg = Debug|Any CPU
		{26116278-B6DA-4ED3-864A-175CCDBFAB9D}.Debug|Any CPU.Build.0 = Debug|Any CPU
		{26116278-B6DA-4ED3-864A-175CCDBFAB9D}.Release|Any CPU.ActiveCfg = Release|Any CPU
		{26116278-B6DA-4ED3-864A-175CCDBFAB9D}.Release|Any CPU.Build.0 = Release|Any CPU
	EndGlobalSection
EndGlobal
